// !$*UTF8*$!
{
	archiveVersion = 1;
	classes = {
	};
	objectVersion = 46;
	objects = {

/* Begin PBXBuildFile section */
		3C46E2701BB1966B002F202C /* AppDelegate.swift in Sources */ = {isa = PBXBuildFile; fileRef = 3C46E26F1BB1966B002F202C /* AppDelegate.swift */; };
		3C46E2721BB1966B002F202C /* ViewController.swift in Sources */ = {isa = PBXBuildFile; fileRef = 3C46E2711BB1966B002F202C /* ViewController.swift */; };
		3C46E2751BB1966B002F202C /* Main.storyboard in Resources */ = {isa = PBXBuildFile; fileRef = 3C46E2731BB1966B002F202C /* Main.storyboard */; };
		3C46E2771BB1966B002F202C /* Assets.xcassets in Resources */ = {isa = PBXBuildFile; fileRef = 3C46E2761BB1966B002F202C /* Assets.xcassets */; };
		3C46E27A1BB1966B002F202C /* LaunchScreen.storyboard in Resources */ = {isa = PBXBuildFile; fileRef = 3C46E2781BB1966B002F202C /* LaunchScreen.storyboard */; };
		3C46E2821BB196A0002F202C /* CalculatorBrain.swift in Sources */ = {isa = PBXBuildFile; fileRef = 3C46E2811BB196A0002F202C /* CalculatorBrain.swift */; settings = {ASSET_TAGS = (); }; };
/* End PBXBuildFile section */

/* Begin PBXFileReference section */
		3C46E26C1BB1966B002F202C /* 斯坦福calculation.app */ = {isa = PBXFileReference; explicitFileType = wrapper.application; includeInIndex = 0; path = "斯坦福calculation.app"; sourceTree = BUILT_PRODUCTS_DIR; };
		3C46E26F1BB1966B002F202C /* AppDelegate.swift */ = {isa = PBXFileReference; lastKnownFileType = sourcecode.swift; path = AppDelegate.swift; sourceTree = "<group>"; };
		3C46E2711BB1966B002F202C /* ViewController.swift */ = {isa = PBXFileReference; lastKnownFileType = sourcecode.swift; path = ViewController.swift; sourceTree = "<group>"; };
		3C46E2741BB1966B002F202C /* Base */ = {isa = PBXFileReference; lastKnownFileType = file.storyboard; name = Base; path = Base.lproj/Main.storyboard; sourceTree = "<group>"; };
		3C46E2761BB1966B002F202C /* Assets.xcassets */ = {isa = PBXFileReference; lastKnownFileType = folder.assetcatalog; path = Assets.xcassets; sourceTree = "<group>"; };
		3C46E2791BB1966B002F202C /* Base */ = {isa = PBXFileReference; lastKnownFileType = file.storyboard; name = Base; path = Base.lproj/LaunchScreen.storyboard; sourceTree = "<group>"; };
		3C46E27B1BB1966B002F202C /* Info.plist */ = {isa = PBXFileReference; lastKnownFileType = text.plist.xml; path = Info.plist; sourceTree = "<group>"; };
		3C46E2811BB196A0002F202C /* CalculatorBrain.swift */ = {isa = PBXFileReference; fileEncoding = 4; lastKnownFileType = sourcecode.swift; path = CalculatorBrain.swift; sourceTree = "<group>"; };
/* End PBXFileReference section */

/* Begin PBXFrameworksBuildPhase section */
		3C46E2691BB1966B002F202C /* Frameworks */ = {
			isa = PBXFrameworksBuildPhase;
			buildActionMask = 2147483647;
			files = (
			);
			runOnlyForDeploymentPostprocessing = 0;
		};
/* End PBXFrameworksBuildPhase section */

/* Begin PBXGroup section */
		3C46E2631BB1966B002F202C = {
			isa = PBXGroup;
			children = (
				3C46E26E1BB1966B002F202C /* 斯坦福calculation */,
				3C46E26D1BB1966B002F202C /* Products */,
			);
			sourceTree = "<group>";
		};
		3C46E26D1BB1966B002F202C /* Products */ = {
			isa = PBXGroup;
			children = (
				3C46E26C1BB1966B002F202C /* 斯坦福calculation.app */,
			);
			name = Products;
			sourceTree = "<group>";
		};
		3C46E26E1BB1966B002F202C /* 斯坦福calculation */ = {
			isa = PBXGroup;
			children = (
				3C46E26F1BB1966B002F202C /* AppDelegate.swift */,
				3C46E2711BB1966B002F202C /* ViewController.swift */,
				3C46E2731BB1966B002F202C /* Main.storyboard */,
				3C46E2761BB1966B002F202C /* Assets.xcassets */,
				3C46E2781BB1966B002F202C /* LaunchScreen.storyboard */,
				3C46E27B1BB1966B002F202C /* Info.plist */,
				3C46E2811BB196A0002F202C /* CalculatorBrain.swift */,
			);
			path = "斯坦福calculation";
			sourceTree = "<group>";
		};
/* End PBXGroup section */

/* Begin PBXNativeTarget section */
		3C46E26B1BB1966B002F202C /* 斯坦福calculation */ = {
			isa = PBXNativeTarget;
			buildConfigurationList = 3C46E27E1BB1966B002F202C /* Build configuration list for PBXNativeTarget "斯坦福calculation" */;
			buildPhases = (
				3C46E2681BB1966B002F202C /* Sources */,
				3C46E2691BB1966B002F202C /* Frameworks */,
				3C46E26A1BB1966B002F202C /* Resources */,
			);
			buildRules = (
			);
			dependencies = (
			);
			name = "斯坦福calculation";
			productName = "斯坦福calculation";
			productReference = 3C46E26C1BB1966B002F202C /* 斯坦福calculation.app */;
			productType = "com.apple.product-type.application";
		};
/* End PBXNativeTarget section */

/* Begin PBXProject section */
		3C46E2641BB1966B002F202C /* Project object */ = {
			isa = PBXProject;
			attributes = {
				LastUpgradeCheck = 0700;
				ORGANIZATIONNAME = rytong;
				TargetAttributes = {
					3C46E26B1BB1966B002F202C = {
						CreatedOnToolsVersion = 7.0;
					};
				};
			};
			buildConfigurationList = 3C46E2671BB1966B002F202C /* Build configuration list for PBXProject "斯坦福calculation" */;
			compatibilityVersion = "Xcode 3.2";
			developmentRegion = English;
			hasScannedForEncodings = 0;
			knownRegions = (
				en,
				Base,
			);
			mainGroup = 3C46E2631BB1966B002F202C;
			productRefGroup = 3C46E26D1BB1966B002F202C /* Products */;
			projectDirPath = "";
			projectRoot = "";
			targets = (
				3C46E26B1BB1966B002F202C /* 斯坦福calculation */,
			);
		};
/* End PBXProject section */

/* Begin PBXResourcesBuildPhase section */
		3C46E26A1BB1966B002F202C /* Resources */ = {
			isa = PBXResourcesBuildPhase;
			buildActionMask = 2147483647;
			files = (
				3C46E27A1BB1966B002F202C /* LaunchScreen.storyboard in Resources */,
				3C46E2771BB1966B002F202C /* Assets.xcassets in Resources */,
				3C46E2751BB1966B002F202C /* Main.storyboard in Resources */,
			);
			runOnlyForDeploymentPostprocessing = 0;
		};
/* End PBXResourcesBuildPhase section */

/* Begin PBXSourcesBuildPhase section */
		3C46E2681BB1966B002F202C /* Sources */ = {
			isa = PBXSourcesBuildPhase;
			buildActionMask = 2147483647;
			files = (
				3C46E2821BB196A0002F202C /* CalculatorBrain.swift in Sources */,
				3C46E2721BB1966B002F202C /* ViewController.swift in Sources */,
				3C46E2701BB1966B002F202C /* AppDelegate.swift in Sources */,
			);
			runOnlyForDeploymentPostprocessing = 0;
		};
/* End PBXSourcesBuildPhase section */

/* Begin PBXVariantGroup section */
		3C46E2731BB1966B002F202C /* Main.storyboard */ = {
			isa = PBXVariantGroup;
			children = (
				3C46E2741BB1966B002F202C /* Base */,
			);
			name = Main.storyboard;
			sourceTree = "<group>";
		};
		3C46E2781BB1966B002F202C /* LaunchScreen.storyboard */ = {
			isa = PBXVariantGroup;
			children = (
				3C46E2791BB1966B002F202C /* Base */,
			);
			name = LaunchScreen.storyboard;
			sourceTree = "<group>";
		};
/* End PBXVariantGroup section */

/* Begin XCBuildConfiguration section */
		3C46E27C1BB1966B002F202C /* Debug */ = {
			isa = XCBuildConfiguration;
			buildSettings = {
				ALWAYS_SEARCH_USER_PATHS = NO;
				CLANG_CXX_LANGUAGE_STANDARD = "gnu++0x";
				CLANG_CXX_LIBRARY = "libc++";
				CLANG_ENABLE_MODULES = YES;
				CLANG_ENABLE_OBJC_ARC = YES;
				CLANG_WARN_BOOL_CONVERSION = YES;
				CLANG_WARN_CONSTANT_CONVERSION = YES;
				CLANG_WARN_DIRECT_OBJC_ISA_USAGE = YES_ERROR;
				CLANG_WARN_EMPTY_BODY = YES;
				CLANG_WARN_ENUM_CONVERSION = YES;
				CLANG_WARN_INT_CONVERSION = YES;
				CLANG_WARN_OBJC_ROOT_CLASS = YES_ERROR;
				CLANG_WARN_UNREACHABLE_CODE = YES;
				CLANG_WARN__DUPLICATE_METHOD_MATCH = YES;
				"CODE_SIGN_IDENTITY[sdk=iphoneos*]" = "iPhone Developer";
				COPY_PHASE_STRIP = NO;
				DEBUG_INFORMATION_FORMAT = dwarf;
				ENABLE_STRICT_OBJC_MSGSEND = YES;
				ENABLE_TESTABILITY = YES;
				GCC_C_LANGUAGE_STANDARD = gnu99;
				GCC_DYNAMIC_NO_PIC = NO;
				GCC_NO_COMMON_BLOCKS = YES;
				GCC_OPTIMIZATION_LEVEL = 0;
				GCC_PREPROCESSOR_DEFINITIONS = (
					"DEBUG=1",
					"$(inherited)",
				);
				GCC_WARN_64_TO_32_BIT_CONVERSION = YES;
				GCC_WARN_ABOUT_RETURN_TYPE = YES_ERROR;
				GCC_WARN_UNDECLARED_SELECTOR = YES;
				GCC_WARN_UNINITIALIZED_AUTOS = YES_AGGRESSIVE;
				GCC_WARN_UNUSED_FUNCTION = YES;
				GCC_WARN_UNUSED_VARIABLE = YES;
				IPHONEOS_DEPLOYMENT_TARGET = 9.0;
				MTL_ENABLE_DEBUG_INFO = YES;
				ONLY_ACTIVE_ARCH = YES;
				SDKROOT = iphoneos;
				SWIFT_OPTIMIZATION_LEVEL = "-Onone";
			};
			name = Debug;
		};
		3C46E27D1BB1966B002F202C /* Release */ = {
			isa = XCBuildConfiguration;
			buildSettings = {
				ALWAYS_SEARCH_USER_PATHS = NO;
				CLANG_CXX_LANGUAGE_STANDARD = "gnu++0x";
				CLANG_CXX_LIBRARY = "libc++";
				CLANG_ENABLE_MODULES = YES;
				CLANG_ENABLE_OBJC_ARC = YES;
				CLANG_WARN_BOOL_CONVERSION = YES;
				CLANG_WARN_CONSTANT_CONVERSION = YES;
				CLANG_WARN_DIRECT_OBJC_ISA_USAGE = YES_ERROR;
				CLANG_WARN_EMPTY_BODY = YES;
				CLANG_WARN_ENUM_CONVERSION = YES;
				CLANG_WARN_INT_CONVERSION = YES;
				CLANG_WARN_OBJC_ROOT_CLASS = YES_ERROR;
				CLANG_WARN_UNREACHABLE_CODE = YES;
				CLANG_WARN__DUPLICATE_METHOD_MATCH = YES;
				"CODE_SIGN_IDENTITY[sdk=iphoneos*]" = "iPhone Developer";
				COPY_PHASE_STRIP = NO;
				DEBUG_INFORMATION_FORMAT = "dwarf-with-dsym";
				ENABLE_NS_ASSERTIONS = NO;
				ENABLE_STRICT_OBJC_MSGSEND = YES;
				GCC_C_LANGUAGE_STANDARD = gnu99;
				GCC_NO_COMMON_BLOCKS = YES;
				GCC_WARN_64_TO_32_BIT_CONVERSION = YES;
				GCC_WARN_ABOUT_RETURN_TYPE = YES_ERROR;
				GCC_WARN_UNDECLARED_SELECTOR = YES;
				GCC_WARN_UNINITIALIZED_AUTOS = YES_AGGRESSIVE;
				GCC_WARN_UNUSED_FUNCTION = YES;
				GCC_WARN_UNUSED_VARIABLE = YES;
				IPHONEOS_DEPLOYMENT_TARGET = 9.0;
				MTL_ENABLE_DEBUG_INFO = NO;
				SDKROOT = iphoneos;
				VALIDATE_PRODUCT = YES;
			};
			name = Release;
		};
		3C46E27F1BB1966B002F202C /* Debug */ = {
			isa = XCBuildConfiguration;
			buildSettings = {
				ASSETCATALOG_COMPILER_APPICON_NAME = AppIcon;
				INFOPLIST_FILE = "斯坦福calculation/Info.plist";
				LD_RUNPATH_SEARCH_PATHS = "$(inherited) @executable_path/Frameworks";
				PRODUCT_BUNDLE_IDENTIFIER = "com.rytong.---calculation";
				PRODUCT_NAME = "$(TARGET_NAME)";
			};
			name = Debug;
		};
		3C46E2801BB1966B002F202C /* Release */ = {
			isa = XCBuildConfiguration;
			buildSettings = {
				ASSETCATALOG_COMPILER_APPICON_NAME = AppIcon;
				INFOPLIST_FILE = "斯坦福calculation/Info.plist";
				LD_RUNPATH_SEARCH_PATHS = "$(inherited) @executable_path/Frameworks";
				PRODUCT_BUNDLE_IDENTIFIER = "com.rytong.---calculation";
				PRODUCT_NAME = "$(TARGET_NAME)";
			};
			name = Release;
		};
/* End XCBuildConfiguration section */

/* Begin XCConfigurationList section */
		3C46E2671BB1966B002F202C /* Build configuration list for PBXProject "斯坦福calculation" */ = {
			isa = XCConfigurationList;
			buildConfigurations = (
				3C46E27C1BB1966B002F202C /* Debug */,
				3C46E27D1BB1966B002F202C /* Release */,
			);
			defaultConfigurationIsVisible = 0;
			defaultConfigurationName = Release;
		};
		3C46E27E1BB1966B002F202C /* Build configuration list for PBXNativeTarget "斯坦福calculation" */ = {
			isa = XCConfigurationList;
			buildConfigurations = (
				3C46E27F1BB1966B002F202C /* Debug */,
				3C46E2801BB1966B002F202C /* Release */,
			);
			defaultConfigurationIsVisible = 0;
		};
/* End XCConfigurationList section */
	};
	rootObject = 3C46E2641BB1966B002F202C /* Project object */;
}
