// !$*UTF8*$!
{
	archiveVersion = 1;
	classes = {
	};
	objectVersion = 46;
	objects = {

/* Begin PBXBuildFile section */
		3C1FD3D61BB0018B00C5DCB9 /* AppDelegate.swift in Sources */ = {isa = PBXBuildFile; fileRef = 3C1FD3D51BB0018B00C5DCB9 /* AppDelegate.swift */; };
		3C1FD3D81BB0018B00C5DCB9 /* ViewController.swift in Sources */ = {isa = PBXBuildFile; fileRef = 3C1FD3D71BB0018B00C5DCB9 /* ViewController.swift */; };
		3C1FD3DB1BB0018B00C5DCB9 /* Main.storyboard in Resources */ = {isa = PBXBuildFile; fileRef = 3C1FD3D91BB0018B00C5DCB9 /* Main.storyboard */; };
		3C1FD3DD1BB0018B00C5DCB9 /* Assets.xcassets in Resources */ = {isa = PBXBuildFile; fileRef = 3C1FD3DC1BB0018B00C5DCB9 /* Assets.xcassets */; };
		3C1FD3E01BB0018B00C5DCB9 /* LaunchScreen.storyboard in Resources */ = {isa = PBXBuildFile; fileRef = 3C1FD3DE1BB0018B00C5DCB9 /* LaunchScreen.storyboard */; };
/* End PBXBuildFile section */

/* Begin PBXFileReference section */
		3C1FD3D21BB0018B00C5DCB9 /* 函数作为参数.app */ = {isa = PBXFileReference; explicitFileType = wrapper.application; includeInIndex = 0; path = "函数作为参数.app"; sourceTree = BUILT_PRODUCTS_DIR; };
		3C1FD3D51BB0018B00C5DCB9 /* AppDelegate.swift */ = {isa = PBXFileReference; lastKnownFileType = sourcecode.swift; path = AppDelegate.swift; sourceTree = "<group>"; };
		3C1FD3D71BB0018B00C5DCB9 /* ViewController.swift */ = {isa = PBXFileReference; lastKnownFileType = sourcecode.swift; path = ViewController.swift; sourceTree = "<group>"; };
		3C1FD3DA1BB0018B00C5DCB9 /* Base */ = {isa = PBXFileReference; lastKnownFileType = file.storyboard; name = Base; path = Base.lproj/Main.storyboard; sourceTree = "<group>"; };
		3C1FD3DC1BB0018B00C5DCB9 /* Assets.xcassets */ = {isa = PBXFileReference; lastKnownFileType = folder.assetcatalog; path = Assets.xcassets; sourceTree = "<group>"; };
		3C1FD3DF1BB0018B00C5DCB9 /* Base */ = {isa = PBXFileReference; lastKnownFileType = file.storyboard; name = Base; path = Base.lproj/LaunchScreen.storyboard; sourceTree = "<group>"; };
		3C1FD3E11BB0018B00C5DCB9 /* Info.plist */ = {isa = PBXFileReference; lastKnownFileType = text.plist.xml; path = Info.plist; sourceTree = "<group>"; };
		3C46E25C1BB1354D002F202C /* ZKZMyPlayground.playground */ = {isa = PBXFileReference; lastKnownFileType = file.playground; path = ZKZMyPlayground.playground; sourceTree = "<group>"; };
/* End PBXFileReference section */

/* Begin PBXFrameworksBuildPhase section */
		3C1FD3CF1BB0018B00C5DCB9 /* Frameworks */ = {
			isa = PBXFrameworksBuildPhase;
			buildActionMask = 2147483647;
			files = (
			);
			runOnlyForDeploymentPostprocessing = 0;
		};
/* End PBXFrameworksBuildPhase section */

/* Begin PBXGroup section */
		3C1FD3C91BB0018B00C5DCB9 = {
			isa = PBXGroup;
			children = (
				3C1FD3D41BB0018B00C5DCB9 /* 函数作为参数 */,
				3C1FD3D31BB0018B00C5DCB9 /* Products */,
			);
			sourceTree = "<group>";
		};
		3C1FD3D31BB0018B00C5DCB9 /* Products */ = {
			isa = PBXGroup;
			children = (
				3C1FD3D21BB0018B00C5DCB9 /* 函数作为参数.app */,
			);
			name = Products;
			sourceTree = "<group>";
		};
		3C1FD3D41BB0018B00C5DCB9 /* 函数作为参数 */ = {
			isa = PBXGroup;
			children = (
				3C1FD3D51BB0018B00C5DCB9 /* AppDelegate.swift */,
				3C1FD3D71BB0018B00C5DCB9 /* ViewController.swift */,
				3C1FD3D91BB0018B00C5DCB9 /* Main.storyboard */,
				3C1FD3DC1BB0018B00C5DCB9 /* Assets.xcassets */,
				3C1FD3DE1BB0018B00C5DCB9 /* LaunchScreen.storyboard */,
				3C1FD3E11BB0018B00C5DCB9 /* Info.plist */,
				3C46E25C1BB1354D002F202C /* ZKZMyPlayground.playground */,
			);
			path = "函数作为参数";
			sourceTree = "<group>";
		};
/* End PBXGroup section */

/* Begin PBXNativeTarget section */
		3C1FD3D11BB0018B00C5DCB9 /* 函数作为参数 */ = {
			isa = PBXNativeTarget;
			buildConfigurationList = 3C1FD3E41BB0018B00C5DCB9 /* Build configuration list for PBXNativeTarget "函数作为参数" */;
			buildPhases = (
				3C1FD3CE1BB0018B00C5DCB9 /* Sources */,
				3C1FD3CF1BB0018B00C5DCB9 /* Frameworks */,
				3C1FD3D01BB0018B00C5DCB9 /* Resources */,
			);
			buildRules = (
			);
			dependencies = (
			);
			name = "函数作为参数";
			productName = "函数作为参数";
			productReference = 3C1FD3D21BB0018B00C5DCB9 /* 函数作为参数.app */;
			productType = "com.apple.product-type.application";
		};
/* End PBXNativeTarget section */

/* Begin PBXProject section */
		3C1FD3CA1BB0018B00C5DCB9 /* Project object */ = {
			isa = PBXProject;
			attributes = {
				LastUpgradeCheck = 0700;
				ORGANIZATIONNAME = rytong;
				TargetAttributes = {
					3C1FD3D11BB0018B00C5DCB9 = {
						CreatedOnToolsVersion = 7.0;
					};
				};
			};
			buildConfigurationList = 3C1FD3CD1BB0018B00C5DCB9 /* Build configuration list for PBXProject "函数作为参数" */;
			compatibilityVersion = "Xcode 3.2";
			developmentRegion = English;
			hasScannedForEncodings = 0;
			knownRegions = (
				en,
				Base,
			);
			mainGroup = 3C1FD3C91BB0018B00C5DCB9;
			productRefGroup = 3C1FD3D31BB0018B00C5DCB9 /* Products */;
			projectDirPath = "";
			projectRoot = "";
			targets = (
				3C1FD3D11BB0018B00C5DCB9 /* 函数作为参数 */,
			);
		};
/* End PBXProject section */

/* Begin PBXResourcesBuildPhase section */
		3C1FD3D01BB0018B00C5DCB9 /* Resources */ = {
			isa = PBXResourcesBuildPhase;
			buildActionMask = 2147483647;
			files = (
				3C1FD3E01BB0018B00C5DCB9 /* LaunchScreen.storyboard in Resources */,
				3C1FD3DD1BB0018B00C5DCB9 /* Assets.xcassets in Resources */,
				3C1FD3DB1BB0018B00C5DCB9 /* Main.storyboard in Resources */,
			);
			runOnlyForDeploymentPostprocessing = 0;
		};
/* End PBXResourcesBuildPhase section */

/* Begin PBXSourcesBuildPhase section */
		3C1FD3CE1BB0018B00C5DCB9 /* Sources */ = {
			isa = PBXSourcesBuildPhase;
			buildActionMask = 2147483647;
			files = (
				3C1FD3D81BB0018B00C5DCB9 /* ViewController.swift in Sources */,
				3C1FD3D61BB0018B00C5DCB9 /* AppDelegate.swift in Sources */,
			);
			runOnlyForDeploymentPostprocessing = 0;
		};
/* End PBXSourcesBuildPhase section */

/* Begin PBXVariantGroup section */
		3C1FD3D91BB0018B00C5DCB9 /* Main.storyboard */ = {
			isa = PBXVariantGroup;
			children = (
				3C1FD3DA1BB0018B00C5DCB9 /* Base */,
			);
			name = Main.storyboard;
			sourceTree = "<group>";
		};
		3C1FD3DE1BB0018B00C5DCB9 /* LaunchScreen.storyboard */ = {
			isa = PBXVariantGroup;
			children = (
				3C1FD3DF1BB0018B00C5DCB9 /* Base */,
			);
			name = LaunchScreen.storyboard;
			sourceTree = "<group>";
		};
/* End PBXVariantGroup section */

/* Begin XCBuildConfiguration section */
		3C1FD3E21BB0018B00C5DCB9 /* Debug */ = {
			isa = XCBuildConfiguration;
			buildSettings = {
				ALWAYS_SEARCH_USER_PATHS = NO;
				CLANG_CXX_LANGUAGE_STANDARD = "gnu++0x";
				CLANG_CXX_LIBRARY = "libc++";
				CLANG_ENABLE_MODULES = YES;
				CLANG_ENABLE_OBJC_ARC = YES;
				CLANG_WARN_BOOL_CONVERSION = YES;
				CLANG_WARN_CONSTANT_CONVERSION = YES;
				CLANG_WARN_DIRECT_OBJC_ISA_USAGE = YES_ERROR;
				CLANG_WARN_EMPTY_BODY = YES;
				CLANG_WARN_ENUM_CONVERSION = YES;
				CLANG_WARN_INT_CONVERSION = YES;
				CLANG_WARN_OBJC_ROOT_CLASS = YES_ERROR;
				CLANG_WARN_UNREACHABLE_CODE = YES;
				CLANG_WARN__DUPLICATE_METHOD_MATCH = YES;
				"CODE_SIGN_IDENTITY[sdk=iphoneos*]" = "iPhone Developer";
				COPY_PHASE_STRIP = NO;
				DEBUG_INFORMATION_FORMAT = dwarf;
				ENABLE_STRICT_OBJC_MSGSEND = YES;
				ENABLE_TESTABILITY = YES;
				GCC_C_LANGUAGE_STANDARD = gnu99;
				GCC_DYNAMIC_NO_PIC = NO;
				GCC_NO_COMMON_BLOCKS = YES;
				GCC_OPTIMIZATION_LEVEL = 0;
				GCC_PREPROCESSOR_DEFINITIONS = (
					"DEBUG=1",
					"$(inherited)",
				);
				GCC_WARN_64_TO_32_BIT_CONVERSION = YES;
				GCC_WARN_ABOUT_RETURN_TYPE = YES_ERROR;
				GCC_WARN_UNDECLARED_SELECTOR = YES;
				GCC_WARN_UNINITIALIZED_AUTOS = YES_AGGRESSIVE;
				GCC_WARN_UNUSED_FUNCTION = YES;
				GCC_WARN_UNUSED_VARIABLE = YES;
				IPHONEOS_DEPLOYMENT_TARGET = 9.0;
				MTL_ENABLE_DEBUG_INFO = YES;
				ONLY_ACTIVE_ARCH = YES;
				SDKROOT = iphoneos;
				SWIFT_OPTIMIZATION_LEVEL = "-Onone";
			};
			name = Debug;
		};
		3C1FD3E31BB0018B00C5DCB9 /* Release */ = {
			isa = XCBuildConfiguration;
			buildSettings = {
				ALWAYS_SEARCH_USER_PATHS = NO;
				CLANG_CXX_LANGUAGE_STANDARD = "gnu++0x";
				CLANG_CXX_LIBRARY = "libc++";
				CLANG_ENABLE_MODULES = YES;
				CLANG_ENABLE_OBJC_ARC = YES;
				CLANG_WARN_BOOL_CONVERSION = YES;
				CLANG_WARN_CONSTANT_CONVERSION = YES;
				CLANG_WARN_DIRECT_OBJC_ISA_USAGE = YES_ERROR;
				CLANG_WARN_EMPTY_BODY = YES;
				CLANG_WARN_ENUM_CONVERSION = YES;
				CLANG_WARN_INT_CONVERSION = YES;
				CLANG_WARN_OBJC_ROOT_CLASS = YES_ERROR;
				CLANG_WARN_UNREACHABLE_CODE = YES;
				CLANG_WARN__DUPLICATE_METHOD_MATCH = YES;
				"CODE_SIGN_IDENTITY[sdk=iphoneos*]" = "iPhone Developer";
				COPY_PHASE_STRIP = NO;
				DEBUG_INFORMATION_FORMAT = "dwarf-with-dsym";
				ENABLE_NS_ASSERTIONS = NO;
				ENABLE_STRICT_OBJC_MSGSEND = YES;
				GCC_C_LANGUAGE_STANDARD = gnu99;
				GCC_NO_COMMON_BLOCKS = YES;
				GCC_WARN_64_TO_32_BIT_CONVERSION = YES;
				GCC_WARN_ABOUT_RETURN_TYPE = YES_ERROR;
				GCC_WARN_UNDECLARED_SELECTOR = YES;
				GCC_WARN_UNINITIALIZED_AUTOS = YES_AGGRESSIVE;
				GCC_WARN_UNUSED_FUNCTION = YES;
				GCC_WARN_UNUSED_VARIABLE = YES;
				IPHONEOS_DEPLOYMENT_TARGET = 9.0;
				MTL_ENABLE_DEBUG_INFO = NO;
				SDKROOT = iphoneos;
				VALIDATE_PRODUCT = YES;
			};
			name = Release;
		};
		3C1FD3E51BB0018B00C5DCB9 /* Debug */ = {
			isa = XCBuildConfiguration;
			buildSettings = {
				ASSETCATALOG_COMPILER_APPICON_NAME = AppIcon;
				INFOPLIST_FILE = "函数作为参数/Info.plist";
				LD_RUNPATH_SEARCH_PATHS = "$(inherited) @executable_path/Frameworks";
				PRODUCT_BUNDLE_IDENTIFIER = "com.rytong.------";
				PRODUCT_NAME = "$(TARGET_NAME)";
			};
			name = Debug;
		};
		3C1FD3E61BB0018B00C5DCB9 /* Release */ = {
			isa = XCBuildConfiguration;
			buildSettings = {
				ASSETCATALOG_COMPILER_APPICON_NAME = AppIcon;
				INFOPLIST_FILE = "函数作为参数/Info.plist";
				LD_RUNPATH_SEARCH_PATHS = "$(inherited) @executable_path/Frameworks";
				PRODUCT_BUNDLE_IDENTIFIER = "com.rytong.------";
				PRODUCT_NAME = "$(TARGET_NAME)";
			};
			name = Release;
		};
/* End XCBuildConfiguration section */

/* Begin XCConfigurationList section */
		3C1FD3CD1BB0018B00C5DCB9 /* Build configuration list for PBXProject "函数作为参数" */ = {
			isa = XCConfigurationList;
			buildConfigurations = (
				3C1FD3E21BB0018B00C5DCB9 /* Debug */,
				3C1FD3E31BB0018B00C5DCB9 /* Release */,
			);
			defaultConfigurationIsVisible = 0;
			defaultConfigurationName = Release;
		};
		3C1FD3E41BB0018B00C5DCB9 /* Build configuration list for PBXNativeTarget "函数作为参数" */ = {
			isa = XCConfigurationList;
			buildConfigurations = (
				3C1FD3E51BB0018B00C5DCB9 /* Debug */,
				3C1FD3E61BB0018B00C5DCB9 /* Release */,
			);
			defaultConfigurationIsVisible = 0;
			defaultConfigurationName = Release;
		};
/* End XCConfigurationList section */
	};
	rootObject = 3C1FD3CA1BB0018B00C5DCB9 /* Project object */;
}
