// !$*UTF8*$!
{
	archiveVersion = 1;
	classes = {
	};
	objectVersion = 46;
	objects = {

/* Begin PBXBuildFile section */
		3C17F3151BA812BA00E38A81 /* main.swift in Sources */ = {isa = PBXBuildFile; fileRef = 3C17F3141BA812BA00E38A81 /* main.swift */; };
/* End PBXBuildFile section */

/* Begin PBXCopyFilesBuildPhase section */
		3C17F30F1BA812BA00E38A81 /* CopyFiles */ = {
			isa = PBXCopyFilesBuildPhase;
			buildActionMask = 2147483647;
			dstPath = /usr/share/man/man1/;
			dstSubfolderSpec = 0;
			files = (
			);
			runOnlyForDeploymentPostprocessing = 1;
		};
/* End PBXCopyFilesBuildPhase section */

/* Begin PBXFileReference section */
		3C17F3111BA812BA00E38A81 /* 9.15_enum */ = {isa = PBXFileReference; explicitFileType = "compiled.mach-o.executable"; includeInIndex = 0; path = 9.15_enum; sourceTree = BUILT_PRODUCTS_DIR; };
		3C17F3141BA812BA00E38A81 /* main.swift */ = {isa = PBXFileReference; lastKnownFileType = sourcecode.swift; path = main.swift; sourceTree = "<group>"; };
		3C46E2831BB1A01C002F202C /* ZKZEnumPlayGround.playground */ = {isa = PBXFileReference; lastKnownFileType = file.playground; path = ZKZEnumPlayGround.playground; sourceTree = "<group>"; };
/* End PBXFileReference section */

/* Begin PBXFrameworksBuildPhase section */
		3C17F30E1BA812BA00E38A81 /* Frameworks */ = {
			isa = PBXFrameworksBuildPhase;
			buildActionMask = 2147483647;
			files = (
			);
			runOnlyForDeploymentPostprocessing = 0;
		};
/* End PBXFrameworksBuildPhase section */

/* Begin PBXGroup section */
		3C17F3081BA812BA00E38A81 = {
			isa = PBXGroup;
			children = (
				3C17F3131BA812BA00E38A81 /* 9.15_enum */,
				3C17F3121BA812BA00E38A81 /* Products */,
			);
			sourceTree = "<group>";
		};
		3C17F3121BA812BA00E38A81 /* Products */ = {
			isa = PBXGroup;
			children = (
				3C17F3111BA812BA00E38A81 /* 9.15_enum */,
			);
			name = Products;
			sourceTree = "<group>";
		};
		3C17F3131BA812BA00E38A81 /* 9.15_enum */ = {
			isa = PBXGroup;
			children = (
				3C17F3141BA812BA00E38A81 /* main.swift */,
				3C46E2831BB1A01C002F202C /* ZKZEnumPlayGround.playground */,
			);
			path = 9.15_enum;
			sourceTree = "<group>";
		};
/* End PBXGroup section */

/* Begin PBXNativeTarget section */
		3C17F3101BA812BA00E38A81 /* 9.15_enum */ = {
			isa = PBXNativeTarget;
			buildConfigurationList = 3C17F3181BA812BA00E38A81 /* Build configuration list for PBXNativeTarget "9.15_enum" */;
			buildPhases = (
				3C17F30D1BA812BA00E38A81 /* Sources */,
				3C17F30E1BA812BA00E38A81 /* Frameworks */,
				3C17F30F1BA812BA00E38A81 /* CopyFiles */,
			);
			buildRules = (
			);
			dependencies = (
			);
			name = 9.15_enum;
			productName = 9.15_enum;
			productReference = 3C17F3111BA812BA00E38A81 /* 9.15_enum */;
			productType = "com.apple.product-type.tool";
		};
/* End PBXNativeTarget section */

/* Begin PBXProject section */
		3C17F3091BA812BA00E38A81 /* Project object */ = {
			isa = PBXProject;
			attributes = {
				LastSwiftUpdateCheck = 0700;
				LastUpgradeCheck = 0620;
				ORGANIZATIONNAME = wyzc;
				TargetAttributes = {
					3C17F3101BA812BA00E38A81 = {
						CreatedOnToolsVersion = 6.2;
					};
				};
			};
			buildConfigurationList = 3C17F30C1BA812BA00E38A81 /* Build configuration list for PBXProject "9.15_enum" */;
			compatibilityVersion = "Xcode 3.2";
			developmentRegion = English;
			hasScannedForEncodings = 0;
			knownRegions = (
				en,
			);
			mainGroup = 3C17F3081BA812BA00E38A81;
			productRefGroup = 3C17F3121BA812BA00E38A81 /* Products */;
			projectDirPath = "";
			projectRoot = "";
			targets = (
				3C17F3101BA812BA00E38A81 /* 9.15_enum */,
			);
		};
/* End PBXProject section */

/* Begin PBXSourcesBuildPhase section */
		3C17F30D1BA812BA00E38A81 /* Sources */ = {
			isa = PBXSourcesBuildPhase;
			buildActionMask = 2147483647;
			files = (
				3C17F3151BA812BA00E38A81 /* main.swift in Sources */,
			);
			runOnlyForDeploymentPostprocessing = 0;
		};
/* End PBXSourcesBuildPhase section */

/* Begin XCBuildConfiguration section */
		3C17F3161BA812BA00E38A81 /* Debug */ = {
			isa = XCBuildConfiguration;
			buildSettings = {
				ALWAYS_SEARCH_USER_PATHS = NO;
				CLANG_CXX_LANGUAGE_STANDARD = "gnu++0x";
				CLANG_CXX_LIBRARY = "libc++";
				CLANG_ENABLE_MODULES = YES;
				CLANG_ENABLE_OBJC_ARC = YES;
				CLANG_WARN_BOOL_CONVERSION = YES;
				CLANG_WARN_CONSTANT_CONVERSION = YES;
				CLANG_WARN_DIRECT_OBJC_ISA_USAGE = YES_ERROR;
				CLANG_WARN_EMPTY_BODY = YES;
				CLANG_WARN_ENUM_CONVERSION = YES;
				CLANG_WARN_INT_CONVERSION = YES;
				CLANG_WARN_OBJC_ROOT_CLASS = YES_ERROR;
				CLANG_WARN_UNREACHABLE_CODE = YES;
				CLANG_WARN__DUPLICATE_METHOD_MATCH = YES;
				COPY_PHASE_STRIP = NO;
				ENABLE_STRICT_OBJC_MSGSEND = YES;
				GCC_C_LANGUAGE_STANDARD = gnu99;
				GCC_DYNAMIC_NO_PIC = NO;
				GCC_OPTIMIZATION_LEVEL = 0;
				GCC_PREPROCESSOR_DEFINITIONS = (
					"DEBUG=1",
					"$(inherited)",
				);
				GCC_SYMBOLS_PRIVATE_EXTERN = NO;
				GCC_WARN_64_TO_32_BIT_CONVERSION = YES;
				GCC_WARN_ABOUT_RETURN_TYPE = YES_ERROR;
				GCC_WARN_UNDECLARED_SELECTOR = YES;
				GCC_WARN_UNINITIALIZED_AUTOS = YES_AGGRESSIVE;
				GCC_WARN_UNUSED_FUNCTION = YES;
				GCC_WARN_UNUSED_VARIABLE = YES;
				MACOSX_DEPLOYMENT_TARGET = 10.9;
				MTL_ENABLE_DEBUG_INFO = YES;
				ONLY_ACTIVE_ARCH = YES;
				SDKROOT = macosx;
				SWIFT_OPTIMIZATION_LEVEL = "-Onone";
			};
			name = Debug;
		};
		3C17F3171BA812BA00E38A81 /* Release */ = {
			isa = XCBuildConfiguration;
			buildSettings = {
				ALWAYS_SEARCH_USER_PATHS = NO;
				CLANG_CXX_LANGUAGE_STANDARD = "gnu++0x";
				CLANG_CXX_LIBRARY = "libc++";
				CLANG_ENABLE_MODULES = YES;
				CLANG_ENABLE_OBJC_ARC = YES;
				CLANG_WARN_BOOL_CONVERSION = YES;
				CLANG_WARN_CONSTANT_CONVERSION = YES;
				CLANG_WARN_DIRECT_OBJC_ISA_USAGE = YES_ERROR;
				CLANG_WARN_EMPTY_BODY = YES;
				CLANG_WARN_ENUM_CONVERSION = YES;
				CLANG_WARN_INT_CONVERSION = YES;
				CLANG_WARN_OBJC_ROOT_CLASS = YES_ERROR;
				CLANG_WARN_UNREACHABLE_CODE = YES;
				CLANG_WARN__DUPLICATE_METHOD_MATCH = YES;
				COPY_PHASE_STRIP = NO;
				DEBUG_INFORMATION_FORMAT = "dwarf-with-dsym";
				ENABLE_NS_ASSERTIONS = NO;
				ENABLE_STRICT_OBJC_MSGSEND = YES;
				GCC_C_LANGUAGE_STANDARD = gnu99;
				GCC_WARN_64_TO_32_BIT_CONVERSION = YES;
				GCC_WARN_ABOUT_RETURN_TYPE = YES_ERROR;
				GCC_WARN_UNDECLARED_SELECTOR = YES;
				GCC_WARN_UNINITIALIZED_AUTOS = YES_AGGRESSIVE;
				GCC_WARN_UNUSED_FUNCTION = YES;
				GCC_WARN_UNUSED_VARIABLE = YES;
				MACOSX_DEPLOYMENT_TARGET = 10.9;
				MTL_ENABLE_DEBUG_INFO = NO;
				SDKROOT = macosx;
			};
			name = Release;
		};
		3C17F3191BA812BA00E38A81 /* Debug */ = {
			isa = XCBuildConfiguration;
			buildSettings = {
				PRODUCT_NAME = "$(TARGET_NAME)";
			};
			name = Debug;
		};
		3C17F31A1BA812BA00E38A81 /* Release */ = {
			isa = XCBuildConfiguration;
			buildSettings = {
				PRODUCT_NAME = "$(TARGET_NAME)";
			};
			name = Release;
		};
/* End XCBuildConfiguration section */

/* Begin XCConfigurationList section */
		3C17F30C1BA812BA00E38A81 /* Build configuration list for PBXProject "9.15_enum" */ = {
			isa = XCConfigurationList;
			buildConfigurations = (
				3C17F3161BA812BA00E38A81 /* Debug */,
				3C17F3171BA812BA00E38A81 /* Release */,
			);
			defaultConfigurationIsVisible = 0;
			defaultConfigurationName = Release;
		};
		3C17F3181BA812BA00E38A81 /* Build configuration list for PBXNativeTarget "9.15_enum" */ = {
			isa = XCConfigurationList;
			buildConfigurations = (
				3C17F3191BA812BA00E38A81 /* Debug */,
				3C17F31A1BA812BA00E38A81 /* Release */,
			);
			defaultConfigurationIsVisible = 0;
			defaultConfigurationName = Release;
		};
/* End XCConfigurationList section */
	};
	rootObject = 3C17F3091BA812BA00E38A81 /* Project object */;
}
